
Microsoft Visual Studio Solution File, Format Version 11.00
# Visual Studio 2010
Project("{FAE04EC0-301F-11D3-BF4B-00C04F79EFBC}") = "StateViewObjects", "Assembly-CSharp.csproj", "{54D52E70-F31B-8AA0-6B25-B0F97C3024B0}"
EndProject
Project("{FAE04EC0-301F-11D3-BF4B-00C04F79EFBC}") = "StateViewObjects", "Assembly-CSharp-Editor.csproj", "{EAC6A252-528D-EBA2-E35A-472F3CB24861}"
EndProject
Global
	GlobalSection(SolutionConfigurationPlatforms) = preSolution
		Debug|Any CPU = Debug|Any CPU
		Release|Any CPU = Release|Any CPU
	EndGlobalSection
	GlobalSection(ProjectConfigurationPlatforms) = postSolution
		{54D52E70-F31B-8AA0-6B25-B0F97C3024B0}.Debug|Any CPU.ActiveCfg = Debug|Any CPU
		{54D52E70-F31B-8AA0-6B25-B0F97C3024B0}.Debug|Any CPU.Build.0 = Debug|Any CPU
		{54D52E70-F31B-8AA0-6B25-B0F97C3024B0}.Release|Any CPU.ActiveCfg = Release|Any CPU
		{54D52E70-F31B-8AA0-6B25-B0F97C3024B0}.Release|Any CPU.Build.0 = Release|Any CPU
		{EAC6A252-528D-EBA2-E35A-472F3CB24861}.Debug|Any CPU.ActiveCfg = Debug|Any CPU
		{EAC6A252-528D-EBA2-E35A-472F3CB24861}.Debug|Any CPU.Build.0 = Debug|Any CPU
		{EAC6A252-528D-EBA2-E35A-472F3CB24861}.Release|Any CPU.ActiveCfg = Release|Any CPU
		{EAC6A252-528D-EBA2-E35A-472F3CB24861}.Release|Any CPU.Build.0 = Release|Any CPU
	EndGlobalSection
	GlobalSection(SolutionProperties) = preSolution
		HideSolutionNode = FALSE
	EndGlobalSection
	GlobalSection(MonoDevelopProperties) = preSolution
		StartupItem = Assembly-CSharp.csproj
	EndGlobalSection
EndGlobal
